# THIS IS AN AUTOGENERATED FILE. DO NOT EDIT THIS FILE DIRECTLY.
# yarn lockfile v1


"@sentry/browser@5.0.5":
  version "5.0.5"
  resolved "https://registry.yarnpkg.com/@sentry/browser/-/browser-5.0.5.tgz#6ef7a9a53aa28081d3b7dcab211de317dac0072e"
  integrity sha512-LZSuJZLxaNGdEXQ8wUYJuKVkbAJozWPA23k8msTr+GzJSgW94AR86zJjI4EE/BToyE+PpsQ90GeZ2qJMlxVQqg==
  dependencies:
    "@sentry/core" "5.0.5"
    "@sentry/types" "5.0.5"
    "@sentry/utils" "5.0.5"
    tslib "^1.9.3"

"@sentry/core@5.0.5":
  version "5.0.5"
  resolved "https://registry.yarnpkg.com/@sentry/core/-/core-5.0.5.tgz#415f61c2d0ef442e5cce1e1ab60321d115daea40"
  integrity sha512-czr5pZwAxzArJJExysqM5oSFVHuRcf/268P+UCkUoBgATcvg95cQYk1FLWDYe+KRlkTj/e09+yp254SEGvkUSw==
  dependencies:
    "@sentry/hub" "5.0.5"
    "@sentry/minimal" "5.0.5"
    "@sentry/types" "5.0.5"
    "@sentry/utils" "5.0.5"
    tslib "^1.9.3"

"@sentry/hub@5.0.5":
  version "5.0.5"
  resolved "https://registry.yarnpkg.com/@sentry/hub/-/hub-5.0.5.tgz#a6697d0b303ee10908514d16b2930b22bd27f08e"
  integrity sha512-xkYR1RVIfjjOxOI0zVq7cUMBhJlIpxPZC8XXQsrKQbwLnVUXmssPBGDoSWm6kUXsxXGztvxSYO8s3Y55LgxkvA==
  dependencies:
    "@sentry/types" "5.0.5"
    "@sentry/utils" "5.0.5"
    tslib "^1.9.3"

"@sentry/minimal@5.0.5":
  version "5.0.5"
  resolved "https://registry.yarnpkg.com/@sentry/minimal/-/minimal-5.0.5.tgz#cf0141c92244daf1083122750fa10170b20c1ce1"
  integrity sha512-zEaS3LlJSW53byhAVWsbCpmxLrQCnBFPYR/bDllPdgQub437FsF0iv2uAg916k6pEjLH6HudO8LSuBKWKtbnSA==
  dependencies:
    "@sentry/hub" "5.0.5"
    "@sentry/types" "5.0.5"
    tslib "^1.9.3"

"@sentry/types@5.0.5":
  version "5.0.5"
  resolved "https://registry.yarnpkg.com/@sentry/types/-/types-5.0.5.tgz#03a7e2db3b187262433982174614e116dcc958c4"
  integrity sha512-XolmufVfqlW9TPfRhqqLBZpCC5BlgEW2QrBrptsBOlmE3FNS3aHAX2WCgloBVZPK1OWqPi3Ef3A+1cVXx0PA2g==

"@sentry/utils@5.0.5":
  version "5.0.5"
  resolved "https://registry.yarnpkg.com/@sentry/utils/-/utils-5.0.5.tgz#0623b4df088e96c3d48fb0ec6cb8b44a89a22529"
  integrity sha512-w8qz/QA+V7cNsguyKGIFRyfmOFKKlVuPzhfar/UKbSdN3BUEsgwu4eapH83c/5RGWrScM6NKiMxyXyEhoLGkFQ==
  dependencies:
    "@sentry/types" "5.0.5"
    tslib "^1.9.3"

tslib@^1.9.3:
  version "1.9.3"
  resolved "https://registry.yarnpkg.com/tslib/-/tslib-1.9.3.tgz#d7e4dd79245d85428c4d7e4822a79917954ca286"
  integrity sha512-4krF8scpejhaOgqzBEcGM7yDIEfi0/8+8zDRZhNZZ2kjmHJ4hv3zCbQWxoJGz1iw5U0Jl0nma13xzHXcncMavQ==
