# THIS IS AN AUTOGENERATED FILE. DO NOT EDIT THIS FILE DIRECTLY.
# yarn lockfile v1


"@sentry/browser@^5.28.0":
  version "5.28.0"
  resolved "https://registry.yarnpkg.com/@sentry/browser/-/browser-5.28.0.tgz#f4c094bb97070442d95d51966a5e4dc8b92f586f"
  integrity sha512-u1W47fgYFGWTV+RRQtNBzPZMXfR4MqCYSpuUVSpWQ+riITH7pvjG1cnBYDGT7+Q1s1wGrAL/9ElJfF795VVT9g==
  dependencies:
    "@sentry/core" "5.28.0"
    "@sentry/types" "5.28.0"
    "@sentry/utils" "5.28.0"
    tslib "^1.9.3"

"@sentry/core@5.28.0":
  version "5.28.0"
  resolved "https://registry.yarnpkg.com/@sentry/core/-/core-5.28.0.tgz#2b5ee2b76f0ccd73545eac61c3c2d72d7c76f531"
  integrity sha512-hLAUFauqX+v/ap8ATJFdp392ZvfFoR0Gb4pyRkzOeWWs5ZYuqyb9Dsjtwsb61HH/XHQGW/BKZJR2dgIjQq4JGA==
  dependencies:
    "@sentry/hub" "5.28.0"
    "@sentry/minimal" "5.28.0"
    "@sentry/types" "5.28.0"
    "@sentry/utils" "5.28.0"
    tslib "^1.9.3"

"@sentry/hub@5.28.0":
  version "5.28.0"
  resolved "https://registry.yarnpkg.com/@sentry/hub/-/hub-5.28.0.tgz#6a00b1011c0492b6acbaf0e24961fbd1c7edd1c1"
  integrity sha512-1k19yJJcKoHbw12FET35t0m86lx/X6eJ6r4qM13eb2WN/OpoFtsgs1IjQOhGFL3OfVMcfh800Lc57ga04RLjLA==
  dependencies:
    "@sentry/types" "5.28.0"
    "@sentry/utils" "5.28.0"
    tslib "^1.9.3"

"@sentry/minimal@5.28.0":
  version "5.28.0"
  resolved "https://registry.yarnpkg.com/@sentry/minimal/-/minimal-5.28.0.tgz#bfa63f5961988e6652207c77b3ea46d89f2d52bf"
  integrity sha512-HzFrJx0xe5KETEZc7RxlH+1TfmH3q8w35ILOP5HGvk3+lG1DR25wHbMFmuUqNqVXrl26t0z32UBI30G1MxmTfA==
  dependencies:
    "@sentry/hub" "5.28.0"
    "@sentry/types" "5.28.0"
    tslib "^1.9.3"

"@sentry/types@5.28.0":
  version "5.28.0"
  resolved "https://registry.yarnpkg.com/@sentry/types/-/types-5.28.0.tgz#242131fef910bded53350a36ffd7df240cfb8dcf"
  integrity sha512-nNhoZEXdqM2xivxJBrLhxtJ2+s6FfKXUw5yBf0Jf/RBrBnH5fggPNImmyfpOoysl72igWcMWk4nnfyP5iDrriQ==

"@sentry/utils@5.28.0":
  version "5.28.0"
  resolved "https://registry.yarnpkg.com/@sentry/utils/-/utils-5.28.0.tgz#a30e36afd7094ced8d585c9fde2df2636cca6cf5"
  integrity sha512-LW+ReVw9JG6g8Bvp2I1ThMDPATlisvkde+1WykxGqRhu2YIO+PvWhnoFhr9RD0ia3rYVlJkgkuTshMbPJ8HVwA==
  dependencies:
    "@sentry/types" "5.28.0"
    tslib "^1.9.3"

tslib@^1.9.3:
  version "1.14.1"
  resolved "https://registry.yarnpkg.com/tslib/-/tslib-1.14.1.tgz#cf2d38bdc34a134bcaf1091c41f6619e2f672d00"
  integrity sha512-Xni35NKzjgMrwevysHTCArtLDpPvye8zV/0E4EyYn43P7/7qvQwPh9BGkHewbMulVntbigmcT7rdX3BNo9wRJg==
